// !$*UTF8*$!
{
	archiveVersion = 1;
	classes = {
	};
	objectVersion = 50;
	objects = {

/* Begin PBXBuildFile section */
		3F65F54621C4959200C8B712 /* AppDelegate.swift in Sources */ = {isa = PBXBuildFile; fileRef = 3F65F54521C4959200C8B712 /* AppDelegate.swift */; };
		3F65F54821C4959200C8B712 /* ViewController.swift in Sources */ = {isa = PBXBuildFile; fileRef = 3F65F54721C4959200C8B712 /* ViewController.swift */; };
		3F65F54B21C4959200C8B712 /* Main.storyboard in Resources */ = {isa = PBXBuildFile; fileRef = 3F65F54921C4959200C8B712 /* Main.storyboard */; };
		3F65F54E21C4959200C8B712 /* thirteenthone.xcdatamodeld in Sources */ = {isa = PBXBuildFile; fileRef = 3F65F54C21C4959200C8B712 /* thirteenthone.xcdatamodeld */; };
		3F65F55021C4959300C8B712 /* Assets.xcassets in Resources */ = {isa = PBXBuildFile; fileRef = 3F65F54F21C4959300C8B712 /* Assets.xcassets */; };
		3F65F55321C4959300C8B712 /* LaunchScreen.storyboard in Resources */ = {isa = PBXBuildFile; fileRef = 3F65F55121C4959300C8B712 /* LaunchScreen.storyboard */; };
/* End PBXBuildFile section */

/* Begin PBXFileReference section */
		3F65F54221C4959200C8B712 /* thirteenthone.app */ = {isa = PBXFileReference; explicitFileType = wrapper.application; includeInIndex = 0; path = thirteenthone.app; sourceTree = BUILT_PRODUCTS_DIR; };
		3F65F54521C4959200C8B712 /* AppDelegate.swift */ = {isa = PBXFileReference; lastKnownFileType = sourcecode.swift; path = AppDelegate.swift; sourceTree = "<group>"; };
		3F65F54721C4959200C8B712 /* ViewController.swift */ = {isa = PBXFileReference; lastKnownFileType = sourcecode.swift; path = ViewController.swift; sourceTree = "<group>"; };
		3F65F54A21C4959200C8B712 /* Base */ = {isa = PBXFileReference; lastKnownFileType = file.storyboard; name = Base; path = Base.lproj/Main.storyboard; sourceTree = "<group>"; };
		3F65F54D21C4959200C8B712 /* thirteenthone.xcdatamodel */ = {isa = PBXFileReference; lastKnownFileType = wrapper.xcdatamodel; path = thirteenthone.xcdatamodel; sourceTree = "<group>"; };
		3F65F54F21C4959300C8B712 /* Assets.xcassets */ = {isa = PBXFileReference; lastKnownFileType = folder.assetcatalog; path = Assets.xcassets; sourceTree = "<group>"; };
		3F65F55221C4959300C8B712 /* Base */ = {isa = PBXFileReference; lastKnownFileType = file.storyboard; name = Base; path = Base.lproj/LaunchScreen.storyboard; sourceTree = "<group>"; };
		3F65F55421C4959300C8B712 /* Info.plist */ = {isa = PBXFileReference; lastKnownFileType = text.plist.xml; path = Info.plist; sourceTree = "<group>"; };
/* End PBXFileReference section */

/* Begin PBXFrameworksBuildPhase section */
		3F65F53F21C4959200C8B712 /* Frameworks */ = {
			isa = PBXFrameworksBuildPhase;
			buildActionMask = 2147483647;
			files = (
			);
			runOnlyForDeploymentPostprocessing = 0;
		};
/* End PBXFrameworksBuildPhase section */

/* Begin PBXGroup section */
		3F65F53921C4959200C8B712 = {
			isa = PBXGroup;
			children = (
				3F65F54421C4959200C8B712 /* thirteenthone */,
				3F65F54321C4959200C8B712 /* Products */,
			);
			sourceTree = "<group>";
		};
		3F65F54321C4959200C8B712 /* Products */ = {
			isa = PBXGroup;
			children = (
				3F65F54221C4959200C8B712 /* thirteenthone.app */,
			);
			name = Products;
			sourceTree = "<group>";
		};
		3F65F54421C4959200C8B712 /* thirteenthone */ = {
			isa = PBXGroup;
			children = (
				3F65F54521C4959200C8B712 /* AppDelegate.swift */,
				3F65F54721C4959200C8B712 /* ViewController.swift */,
				3F65F54921C4959200C8B712 /* Main.storyboard */,
				3F65F54F21C4959300C8B712 /* Assets.xcassets */,
				3F65F55121C4959300C8B712 /* LaunchScreen.storyboard */,
				3F65F55421C4959300C8B712 /* Info.plist */,
				3F65F54C21C4959200C8B712 /* thirteenthone.xcdatamodeld */,
			);
			path = thirteenthone;
			sourceTree = "<group>";
		};
/* End PBXGroup section */

/* Begin PBXNativeTarget section */
		3F65F54121C4959200C8B712 /* thirteenthone */ = {
			isa = PBXNativeTarget;
			buildConfigurationList = 3F65F55721C4959300C8B712 /* Build configuration list for PBXNativeTarget "thirteenthone" */;
			buildPhases = (
				3F65F53E21C4959200C8B712 /* Sources */,
				3F65F53F21C4959200C8B712 /* Frameworks */,
				3F65F54021C4959200C8B712 /* Resources */,
			);
			buildRules = (
			);
			dependencies = (
			);
			name = thirteenthone;
			productName = thirteenthone;
			productReference = 3F65F54221C4959200C8B712 /* thirteenthone.app */;
			productType = "com.apple.product-type.application";
		};
/* End PBXNativeTarget section */

/* Begin PBXProject section */
		3F65F53A21C4959200C8B712 /* Project object */ = {
			isa = PBXProject;
			attributes = {
				LastSwiftUpdateCheck = 1000;
				LastUpgradeCheck = 1000;
				ORGANIZATIONNAME = xuelian;
				TargetAttributes = {
					3F65F54121C4959200C8B712 = {
						CreatedOnToolsVersion = 10.0;
					};
				};
			};
			buildConfigurationList = 3F65F53D21C4959200C8B712 /* Build configuration list for PBXProject "thirteenthone" */;
			compatibilityVersion = "Xcode 9.3";
			developmentRegion = en;
			hasScannedForEncodings = 0;
			knownRegions = (
				en,
				Base,
			);
			mainGroup = 3F65F53921C4959200C8B712;
			productRefGroup = 3F65F54321C4959200C8B712 /* Products */;
			projectDirPath = "";
			projectRoot = "";
			targets = (
				3F65F54121C4959200C8B712 /* thirteenthone */,
			);
		};
/* End PBXProject section */

/* Begin PBXResourcesBuildPhase section */
		3F65F54021C4959200C8B712 /* Resources */ = {
			isa = PBXResourcesBuildPhase;
			buildActionMask = 2147483647;
			files = (
				3F65F55321C4959300C8B712 /* LaunchScreen.storyboard in Resources */,
				3F65F55021C4959300C8B712 /* Assets.xcassets in Resources */,
				3F65F54B21C4959200C8B712 /* Main.storyboard in Resources */,
			);
			runOnlyForDeploymentPostprocessing = 0;
		};
/* End PBXResourcesBuildPhase section */

/* Begin PBXSourcesBuildPhase section */
		3F65F53E21C4959200C8B712 /* Sources */ = {
			isa = PBXSourcesBuildPhase;
			buildActionMask = 2147483647;
			files = (
				3F65F54E21C4959200C8B712 /* thirteenthone.xcdatamodeld in Sources */,
				3F65F54821C4959200C8B712 /* ViewController.swift in Sources */,
				3F65F54621C4959200C8B712 /* AppDelegate.swift in Sources */,
			);
			runOnlyForDeploymentPostprocessing = 0;
		};
/* End PBXSourcesBuildPhase section */

/* Begin PBXVariantGroup section */
		3F65F54921C4959200C8B712 /* Main.storyboard */ = {
			isa = PBXVariantGroup;
			children = (
				3F65F54A21C4959200C8B712 /* Base */,
			);
			name = Main.storyboard;
			sourceTree = "<group>";
		};
		3F65F55121C4959300C8B712 /* LaunchScreen.storyboard */ = {
			isa = PBXVariantGroup;
			children = (
				3F65F55221C4959300C8B712 /* Base */,
			);
			name = LaunchScreen.storyboard;
			sourceTree = "<group>";
		};
/* End PBXVariantGroup section */

/* Begin XCBuildConfiguration section */
		3F65F55521C4959300C8B712 /* Debug */ = {
			isa = XCBuildConfiguration;
			buildSettings = {
				ALWAYS_SEARCH_USER_PATHS = NO;
				CLANG_ANALYZER_NONNULL = YES;
				CLANG_ANALYZER_NUMBER_OBJECT_CONVERSION = YES_AGGRESSIVE;
				CLANG_CXX_LANGUAGE_STANDARD = "gnu++14";
				CLANG_CXX_LIBRARY = "libc++";
				CLANG_ENABLE_MODULES = YES;
				CLANG_ENABLE_OBJC_ARC = YES;
				CLANG_ENABLE_OBJC_WEAK = YES;
				CLANG_WARN_BLOCK_CAPTURE_AUTORELEASING = YES;
				CLANG_WARN_BOOL_CONVERSION = YES;
				CLANG_WARN_COMMA = YES;
				CLANG_WARN_CONSTANT_CONVERSION = YES;
				CLANG_WARN_DEPRECATED_OBJC_IMPLEMENTATIONS = YES;
				CLANG_WARN_DIRECT_OBJC_ISA_USAGE = YES_ERROR;
				CLANG_WARN_DOCUMENTATION_COMMENTS = YES;
				CLANG_WARN_EMPTY_BODY = YES;
				CLANG_WARN_ENUM_CONVERSION = YES;
				CLANG_WARN_INFINITE_RECURSION = YES;
				CLANG_WARN_INT_CONVERSION = YES;
				CLANG_WARN_NON_LITERAL_NULL_CONVERSION = YES;
				CLANG_WARN_OBJC_IMPLICIT_RETAIN_SELF = YES;
				CLANG_WARN_OBJC_LITERAL_CONVERSION = YES;
				CLANG_WARN_OBJC_ROOT_CLASS = YES_ERROR;
				CLANG_WARN_RANGE_LOOP_ANALYSIS = YES;
				CLANG_WARN_STRICT_PROTOTYPES = YES;
				CLANG_WARN_SUSPICIOUS_MOVE = YES;
				CLANG_WARN_UNGUARDED_AVAILABILITY = YES_AGGRESSIVE;
				CLANG_WARN_UNREACHABLE_CODE = YES;
				CLANG_WARN__DUPLICATE_METHOD_MATCH = YES;
				CODE_SIGN_IDENTITY = "iPhone Developer";
				COPY_PHASE_STRIP = NO;
				DEBUG_INFORMATION_FORMAT = dwarf;
				ENABLE_STRICT_OBJC_MSGSEND = YES;
				ENABLE_TESTABILITY = YES;
				GCC_C_LANGUAGE_STANDARD = gnu11;
				GCC_DYNAMIC_NO_PIC = NO;
				GCC_NO_COMMON_BLOCKS = YES;
				GCC_OPTIMIZATION_LEVEL = 0;
				GCC_PREPROCESSOR_DEFINITIONS = (
					"DEBUG=1",
					"$(inherited)",
				);
				GCC_WARN_64_TO_32_BIT_CONVERSION = YES;
				GCC_WARN_ABOUT_RETURN_TYPE = YES_ERROR;
				GCC_WARN_UNDECLARED_SELECTOR = YES;
				GCC_WARN_UNINITIALIZED_AUTOS = YES_AGGRESSIVE;
				GCC_WARN_UNUSED_FUNCTION = YES;
				GCC_WARN_UNUSED_VARIABLE = YES;
				IPHONEOS_DEPLOYMENT_TARGET = 12.0;
				MTL_ENABLE_DEBUG_INFO = INCLUDE_SOURCE;
				MTL_FAST_MATH = YES;
				ONLY_ACTIVE_ARCH = YES;
				SDKROOT = iphoneos;
				SWIFT_ACTIVE_COMPILATION_CONDITIONS = DEBUG;
				SWIFT_OPTIMIZATION_LEVEL = "-Onone";
			};
			name = Debug;
		};
		3F65F55621C4959300C8B712 /* Release */ = {
			isa = XCBuildConfiguration;
			buildSettings = {
				ALWAYS_SEARCH_USER_PATHS = NO;
				CLANG_ANALYZER_NONNULL = YES;
				CLANG_ANALYZER_NUMBER_OBJECT_CONVERSION = YES_AGGRESSIVE;
				CLANG_CXX_LANGUAGE_STANDARD = "gnu++14";
				CLANG_CXX_LIBRARY = "libc++";
				CLANG_ENABLE_MODULES = YES;
				CLANG_ENABLE_OBJC_ARC = YES;
				CLANG_ENABLE_OBJC_WEAK = YES;
				CLANG_WARN_BLOCK_CAPTURE_AUTORELEASING = YES;
				CLANG_WARN_BOOL_CONVERSION = YES;
				CLANG_WARN_COMMA = YES;
				CLANG_WARN_CONSTANT_CONVERSION = YES;
				CLANG_WARN_DEPRECATED_OBJC_IMPLEMENTATIONS = YES;
				CLANG_WARN_DIRECT_OBJC_ISA_USAGE = YES_ERROR;
				CLANG_WARN_DOCUMENTATION_COMMENTS = YES;
				CLANG_WARN_EMPTY_BODY = YES;
				CLANG_WARN_ENUM_CONVERSION = YES;
				CLANG_WARN_INFINITE_RECURSION = YES;
				CLANG_WARN_INT_CONVERSION = YES;
				CLANG_WARN_NON_LITERAL_NULL_CONVERSION = YES;
				CLANG_WARN_OBJC_IMPLICIT_RETAIN_SELF = YES;
				CLANG_WARN_OBJC_LITERAL_CONVERSION = YES;
				CLANG_WARN_OBJC_ROOT_CLASS = YES_ERROR;
				CLANG_WARN_RANGE_LOOP_ANALYSIS = YES;
				CLANG_WARN_STRICT_PROTOTYPES = YES;
				CLANG_WARN_SUSPICIOUS_MOVE = YES;
				CLANG_WARN_UNGUARDED_AVAILABILITY = YES_AGGRESSIVE;
				CLANG_WARN_UNREACHABLE_CODE = YES;
				CLANG_WARN__DUPLICATE_METHOD_MATCH = YES;
				CODE_SIGN_IDENTITY = "iPhone Developer";
				COPY_PHASE_STRIP = NO;
				DEBUG_INFORMATION_FORMAT = "dwarf-with-dsym";
				ENABLE_NS_ASSERTIONS = NO;
				ENABLE_STRICT_OBJC_MSGSEND = YES;
				GCC_C_LANGUAGE_STANDARD = gnu11;
				GCC_NO_COMMON_BLOCKS = YES;
				GCC_WARN_64_TO_32_BIT_CONVERSION = YES;
				GCC_WARN_ABOUT_RETURN_TYPE = YES_ERROR;
				GCC_WARN_UNDECLARED_SELECTOR = YES;
				GCC_WARN_UNINITIALIZED_AUTOS = YES_AGGRESSIVE;
				GCC_WARN_UNUSED_FUNCTION = YES;
				GCC_WARN_UNUSED_VARIABLE = YES;
				IPHONEOS_DEPLOYMENT_TARGET = 12.0;
				MTL_ENABLE_DEBUG_INFO = NO;
				MTL_FAST_MATH = YES;
				SDKROOT = iphoneos;
				SWIFT_COMPILATION_MODE = wholemodule;
				SWIFT_OPTIMIZATION_LEVEL = "-O";
				VALIDATE_PRODUCT = YES;
			};
			name = Release;
		};
		3F65F55821C4959300C8B712 /* Debug */ = {
			isa = XCBuildConfiguration;
			buildSettings = {
				ASSETCATALOG_COMPILER_APPICON_NAME = AppIcon;
				CODE_SIGN_STYLE = Automatic;
				INFOPLIST_FILE = thirteenthone/Info.plist;
				LD_RUNPATH_SEARCH_PATHS = (
					"$(inherited)",
					"@executable_path/Frameworks",
				);
				PRODUCT_BUNDLE_IDENTIFIER = "-016100743.thirteenthone";
				PRODUCT_NAME = "$(TARGET_NAME)";
				SWIFT_VERSION = 4.2;
				TARGETED_DEVICE_FAMILY = "1,2";
			};
			name = Debug;
		};
		3F65F55921C4959300C8B712 /* Release */ = {
			isa = XCBuildConfiguration;
			buildSettings = {
				ASSETCATALOG_COMPILER_APPICON_NAME = AppIcon;
				CODE_SIGN_STYLE = Automatic;
				INFOPLIST_FILE = thirteenthone/Info.plist;
				LD_RUNPATH_SEARCH_PATHS = (
					"$(inherited)",
					"@executable_path/Frameworks",
				);
				PRODUCT_BUNDLE_IDENTIFIER = "-016100743.thirteenthone";
				PRODUCT_NAME = "$(TARGET_NAME)";
				SWIFT_VERSION = 4.2;
				TARGETED_DEVICE_FAMILY = "1,2";
			};
			name = Release;
		};
/* End XCBuildConfiguration section */

/* Begin XCConfigurationList section */
		3F65F53D21C4959200C8B712 /* Build configuration list for PBXProject "thirteenthone" */ = {
			isa = XCConfigurationList;
			buildConfigurations = (
				3F65F55521C4959300C8B712 /* Debug */,
				3F65F55621C4959300C8B712 /* Release */,
			);
			defaultConfigurationIsVisible = 0;
			defaultConfigurationName = Release;
		};
		3F65F55721C4959300C8B712 /* Build configuration list for PBXNativeTarget "thirteenthone" */ = {
			isa = XCConfigurationList;
			buildConfigurations = (
				3F65F55821C4959300C8B712 /* Debug */,
				3F65F55921C4959300C8B712 /* Release */,
			);
			defaultConfigurationIsVisible = 0;
			defaultConfigurationName = Release;
		};
/* End XCConfigurationList section */

/* Begin XCVersionGroup section */
		3F65F54C21C4959200C8B712 /* thirteenthone.xcdatamodeld */ = {
			isa = XCVersionGroup;
			children = (
				3F65F54D21C4959200C8B712 /* thirteenthone.xcdatamodel */,
			);
			currentVersion = 3F65F54D21C4959200C8B712 /* thirteenthone.xcdatamodel */;
			path = thirteenthone.xcdatamodeld;
			sourceTree = "<group>";
			versionGroupType = wrapper.xcdatamodel;
		};
/* End XCVersionGroup section */
	};
	rootObject = 3F65F53A21C4959200C8B712 /* Project object */;
}
